hash: b6f4052702876c99020bbfbc9faf6838976254b53627483a132265b54cf040a7
updated: 2017-05-20T14:46:18.013330986+09:00
imports:
- name: github.com/delphinus/random-string
  version: 3a848976dd952cb4263f7aa61a6886d16014151b
- name: github.com/pkg/errors
  version: 645ef00459ed84a119197bfb8d8205042c6df63d
- name: golang.org/x/net
  version: da118f7b8e5954f39d0d2130ab35d4bf0e3cb344
  subpackages:
  - context
testImports:
- name: github.com/abbot/go-http-auth
  version: d45c47bedec736d172957bd394786b76626fa8ac
- name: golang.org/x/crypto
  version: c7af5bf2638a1164f2eb5467c39c6cffbd13a02e
  subpackages:
  - bcrypt
  - blowfish
